// !$*UTF8*$!
{
	archiveVersion = 1;
	classes = {
	};
	objectVersion = 48;
	objects = {

/* Begin PBXBuildFile section */
		732509041FA5B4BF0013BDB6 /* DrawView.swift in Sources */ = {isa = PBXBuildFile; fileRef = 732509031FA5B4BF0013BDB6 /* DrawView.swift */; };
		739E3F161FC3C576003D40B0 /* Extension+UIImage.swift in Sources */ = {isa = PBXBuildFile; fileRef = 739E3F151FC3C576003D40B0 /* Extension+UIImage.swift */; };
		73A612BF1FA561CD000F2A10 /* AppDelegate.swift in Sources */ = {isa = PBXBuildFile; fileRef = 73A612BE1FA561CD000F2A10 /* AppDelegate.swift */; };
		73A612C11FA561CD000F2A10 /* GameViewController.swift in Sources */ = {isa = PBXBuildFile; fileRef = 73A612C01FA561CD000F2A10 /* GameViewController.swift */; };
		73A612C91FA561CD000F2A10 /* Assets.xcassets in Resources */ = {isa = PBXBuildFile; fileRef = 73A612C81FA561CD000F2A10 /* Assets.xcassets */; };
		73A612CC1FA561CD000F2A10 /* LaunchScreen.storyboard in Resources */ = {isa = PBXBuildFile; fileRef = 73A612CA1FA561CD000F2A10 /* LaunchScreen.storyboard */; };
		73A7F0861FA636B100BD24BB /* RootViewController.swift in Sources */ = {isa = PBXBuildFile; fileRef = 73A7F0851FA636B100BD24BB /* RootViewController.swift */; };
		73A7F0881FA637F800BD24BB /* LaunchViewController.swift in Sources */ = {isa = PBXBuildFile; fileRef = 73A7F0871FA637F800BD24BB /* LaunchViewController.swift */; };
		73A7F08A1FA6385D00BD24BB /* Theme.swift in Sources */ = {isa = PBXBuildFile; fileRef = 73A7F0891FA6385D00BD24BB /* Theme.swift */; };
		73A7F08C1FA63F5900BD24BB /* PaletteView.swift in Sources */ = {isa = PBXBuildFile; fileRef = 73A7F08B1FA63F5900BD24BB /* PaletteView.swift */; };
		73A7F08E1FA64AA100BD24BB /* ColorCollectionViewCell.swift in Sources */ = {isa = PBXBuildFile; fileRef = 73A7F08D1FA64AA100BD24BB /* ColorCollectionViewCell.swift */; };
		73A7F0921FA66CE100BD24BB /* BrushesView.swift in Sources */ = {isa = PBXBuildFile; fileRef = 73A7F0911FA66CE100BD24BB /* BrushesView.swift */; };
		73A7F0941FA6703B00BD24BB /* BrushCollectionViewCell.swift in Sources */ = {isa = PBXBuildFile; fileRef = 73A7F0931FA6703B00BD24BB /* BrushCollectionViewCell.swift */; };
		73D565FF1FC3CA8E0022F93C /* Drawing.swift in Sources */ = {isa = PBXBuildFile; fileRef = 73D565FE1FC3CA8E0022F93C /* Drawing.swift */; };
		73D566031FC3CAEB0022F93C /* DataModel.swift in Sources */ = {isa = PBXBuildFile; fileRef = 73D566021FC3CAEB0022F93C /* DataModel.swift */; };
		73D566081FC3CD270022F93C /* ApiRequest.swift in Sources */ = {isa = PBXBuildFile; fileRef = 73D566071FC3CD270022F93C /* ApiRequest.swift */; };
		73D5660C1FC3CEAB0022F93C /* ApiEndpoint.swift in Sources */ = {isa = PBXBuildFile; fileRef = 73D5660B1FC3CEAB0022F93C /* ApiEndpoint.swift */; };
		73D5660E1FC3CF940022F93C /* Api.swift in Sources */ = {isa = PBXBuildFile; fileRef = 73D5660D1FC3CF940022F93C /* Api.swift */; };
		73D566101FC3CFE40022F93C /* Game.swift in Sources */ = {isa = PBXBuildFile; fileRef = 73D5660F1FC3CFE40022F93C /* Game.swift */; };
		73D566161FC3D19A0022F93C /* Pixel.swift in Sources */ = {isa = PBXBuildFile; fileRef = 73D566151FC3D19A0022F93C /* Pixel.swift */; };
		73D5661A1FC3D3EF0022F93C /* Player.swift in Sources */ = {isa = PBXBuildFile; fileRef = 73D566191FC3D3EF0022F93C /* Player.swift */; };
		73D5661D1FC3E8FC0022F93C /* AttributedStringMaker.swift in Sources */ = {isa = PBXBuildFile; fileRef = 73D5661C1FC3E8FC0022F93C /* AttributedStringMaker.swift */; };
		73D5661F1FC416520022F93C /* WordManager.swift in Sources */ = {isa = PBXBuildFile; fileRef = 73D5661E1FC416520022F93C /* WordManager.swift */; };
		CF51094E399BC82DBEBD0E0D /* Pods_DrawGame.framework in Frameworks */ = {isa = PBXBuildFile; fileRef = 68EBA2540E8456867DEBD64B /* Pods_DrawGame.framework */; };
/* End PBXBuildFile section */

/* Begin PBXFileReference section */
		68EBA2540E8456867DEBD64B /* Pods_DrawGame.framework */ = {isa = PBXFileReference; explicitFileType = wrapper.framework; includeInIndex = 0; path = Pods_DrawGame.framework; sourceTree = BUILT_PRODUCTS_DIR; };
		732509031FA5B4BF0013BDB6 /* DrawView.swift */ = {isa = PBXFileReference; lastKnownFileType = sourcecode.swift; path = DrawView.swift; sourceTree = "<group>"; };
		739E3F151FC3C576003D40B0 /* Extension+UIImage.swift */ = {isa = PBXFileReference; lastKnownFileType = sourcecode.swift; path = "Extension+UIImage.swift"; sourceTree = "<group>"; };
		73A612BB1FA561CD000F2A10 /* DrawGame.app */ = {isa = PBXFileReference; explicitFileType = wrapper.application; includeInIndex = 0; path = DrawGame.app; sourceTree = BUILT_PRODUCTS_DIR; };
		73A612BE1FA561CD000F2A10 /* AppDelegate.swift */ = {isa = PBXFileReference; lastKnownFileType = sourcecode.swift; path = AppDelegate.swift; sourceTree = "<group>"; };
		73A612C01FA561CD000F2A10 /* GameViewController.swift */ = {isa = PBXFileReference; lastKnownFileType = sourcecode.swift; path = GameViewController.swift; sourceTree = "<group>"; };
		73A612C81FA561CD000F2A10 /* Assets.xcassets */ = {isa = PBXFileReference; lastKnownFileType = folder.assetcatalog; path = Assets.xcassets; sourceTree = "<group>"; };
		73A612CB1FA561CD000F2A10 /* Base */ = {isa = PBXFileReference; lastKnownFileType = file.storyboard; name = Base; path = Base.lproj/LaunchScreen.storyboard; sourceTree = "<group>"; };
		73A612CD1FA561CD000F2A10 /* Info.plist */ = {isa = PBXFileReference; lastKnownFileType = text.plist.xml; path = Info.plist; sourceTree = "<group>"; };
		73A7F0851FA636B100BD24BB /* RootViewController.swift */ = {isa = PBXFileReference; lastKnownFileType = sourcecode.swift; path = RootViewController.swift; sourceTree = "<group>"; };
		73A7F0871FA637F800BD24BB /* LaunchViewController.swift */ = {isa = PBXFileReference; lastKnownFileType = sourcecode.swift; path = LaunchViewController.swift; sourceTree = "<group>"; };
		73A7F0891FA6385D00BD24BB /* Theme.swift */ = {isa = PBXFileReference; lastKnownFileType = sourcecode.swift; path = Theme.swift; sourceTree = "<group>"; };
		73A7F08B1FA63F5900BD24BB /* PaletteView.swift */ = {isa = PBXFileReference; lastKnownFileType = sourcecode.swift; path = PaletteView.swift; sourceTree = "<group>"; };
		73A7F08D1FA64AA100BD24BB /* ColorCollectionViewCell.swift */ = {isa = PBXFileReference; lastKnownFileType = sourcecode.swift; path = ColorCollectionViewCell.swift; sourceTree = "<group>"; };
		73A7F0911FA66CE100BD24BB /* BrushesView.swift */ = {isa = PBXFileReference; lastKnownFileType = sourcecode.swift; path = BrushesView.swift; sourceTree = "<group>"; };
		73A7F0931FA6703B00BD24BB /* BrushCollectionViewCell.swift */ = {isa = PBXFileReference; lastKnownFileType = sourcecode.swift; path = BrushCollectionViewCell.swift; sourceTree = "<group>"; };
		73D565FE1FC3CA8E0022F93C /* Drawing.swift */ = {isa = PBXFileReference; lastKnownFileType = sourcecode.swift; path = Drawing.swift; sourceTree = "<group>"; };
		73D566021FC3CAEB0022F93C /* DataModel.swift */ = {isa = PBXFileReference; lastKnownFileType = sourcecode.swift; path = DataModel.swift; sourceTree = "<group>"; };
		73D566071FC3CD270022F93C /* ApiRequest.swift */ = {isa = PBXFileReference; lastKnownFileType = sourcecode.swift; path = ApiRequest.swift; sourceTree = "<group>"; };
		73D5660B1FC3CEAB0022F93C /* ApiEndpoint.swift */ = {isa = PBXFileReference; lastKnownFileType = sourcecode.swift; path = ApiEndpoint.swift; sourceTree = "<group>"; };
		73D5660D1FC3CF940022F93C /* Api.swift */ = {isa = PBXFileReference; lastKnownFileType = sourcecode.swift; path = Api.swift; sourceTree = "<group>"; };
		73D5660F1FC3CFE40022F93C /* Game.swift */ = {isa = PBXFileReference; lastKnownFileType = sourcecode.swift; path = Game.swift; sourceTree = "<group>"; };
		73D566151FC3D19A0022F93C /* Pixel.swift */ = {isa = PBXFileReference; lastKnownFileType = sourcecode.swift; path = Pixel.swift; sourceTree = "<group>"; };
		73D566191FC3D3EF0022F93C /* Player.swift */ = {isa = PBXFileReference; lastKnownFileType = sourcecode.swift; path = Player.swift; sourceTree = "<group>"; };
		73D5661C1FC3E8FC0022F93C /* AttributedStringMaker.swift */ = {isa = PBXFileReference; lastKnownFileType = sourcecode.swift; path = AttributedStringMaker.swift; sourceTree = "<group>"; };
		73D5661E1FC416520022F93C /* WordManager.swift */ = {isa = PBXFileReference; lastKnownFileType = sourcecode.swift; path = WordManager.swift; sourceTree = "<group>"; };
		A12D945A50EA8BAE0EA1CF9D /* Pods-DrawGame.debug.xcconfig */ = {isa = PBXFileReference; includeInIndex = 1; lastKnownFileType = text.xcconfig; name = "Pods-DrawGame.debug.xcconfig"; path = "Pods/Target Support Files/Pods-DrawGame/Pods-DrawGame.debug.xcconfig"; sourceTree = "<group>"; };
		A781E34166FF3EE09E9F9D15 /* Pods-DrawGame.release.xcconfig */ = {isa = PBXFileReference; includeInIndex = 1; lastKnownFileType = text.xcconfig; name = "Pods-DrawGame.release.xcconfig"; path = "Pods/Target Support Files/Pods-DrawGame/Pods-DrawGame.release.xcconfig"; sourceTree = "<group>"; };
/* End PBXFileReference section */

/* Begin PBXFrameworksBuildPhase section */
		73A612B81FA561CD000F2A10 /* Frameworks */ = {
			isa = PBXFrameworksBuildPhase;
			buildActionMask = 2147483647;
			files = (
				CF51094E399BC82DBEBD0E0D /* Pods_DrawGame.framework in Frameworks */,
			);
			runOnlyForDeploymentPostprocessing = 0;
		};
/* End PBXFrameworksBuildPhase section */

/* Begin PBXGroup section */
		5E3E2923E1DFF903CE14A7C3 /* Frameworks */ = {
			isa = PBXGroup;
			children = (
				68EBA2540E8456867DEBD64B /* Pods_DrawGame.framework */,
			);
			name = Frameworks;
			sourceTree = "<group>";
		};
		732508FF1FA5B3D80013BDB6 /* Other Resources */ = {
			isa = PBXGroup;
			children = (
				73A612C81FA561CD000F2A10 /* Assets.xcassets */,
				73A612CD1FA561CD000F2A10 /* Info.plist */,
				73A612CA1FA561CD000F2A10 /* LaunchScreen.storyboard */,
			);
			path = "Other Resources";
			sourceTree = "<group>";
		};
		732509001FA5B4640013BDB6 /* Model */ = {
			isa = PBXGroup;
			children = (
				73D566021FC3CAEB0022F93C /* DataModel.swift */,
				73D5660F1FC3CFE40022F93C /* Game.swift */,
				73D566191FC3D3EF0022F93C /* Player.swift */,
				73D565FE1FC3CA8E0022F93C /* Drawing.swift */,
				73D566151FC3D19A0022F93C /* Pixel.swift */,
				73D5661E1FC416520022F93C /* WordManager.swift */,
			);
			path = Model;
			sourceTree = "<group>";
		};
		732509011FA5B4710013BDB6 /* Views */ = {
			isa = PBXGroup;
			children = (
				732509031FA5B4BF0013BDB6 /* DrawView.swift */,
				73A7F08F1FA66C5500BD24BB /* Palette */,
				73A7F0901FA66C6F00BD24BB /* Brush */,
			);
			path = Views;
			sourceTree = "<group>";
		};
		732509021FA5B4780013BDB6 /* App */ = {
			isa = PBXGroup;
			children = (
				73A7F0851FA636B100BD24BB /* RootViewController.swift */,
				73A7F0871FA637F800BD24BB /* LaunchViewController.swift */,
				73A612C01FA561CD000F2A10 /* GameViewController.swift */,
			);
			path = App;
			sourceTree = "<group>";
		};
		739E3F141FC3C20E003D40B0 /* Extensions */ = {
			isa = PBXGroup;
			children = (
				739E3F151FC3C576003D40B0 /* Extension+UIImage.swift */,
			);
			path = Extensions;
			sourceTree = "<group>";
		};
		73A612B21FA561CD000F2A10 = {
			isa = PBXGroup;
			children = (
				73A612BD1FA561CD000F2A10 /* DrawGame */,
				73A612BC1FA561CD000F2A10 /* Products */,
				9945FC28A28BC3124C1EE008 /* Pods */,
				5E3E2923E1DFF903CE14A7C3 /* Frameworks */,
			);
			sourceTree = "<group>";
		};
		73A612BC1FA561CD000F2A10 /* Products */ = {
			isa = PBXGroup;
			children = (
				73A612BB1FA561CD000F2A10 /* DrawGame.app */,
			);
			name = Products;
			sourceTree = "<group>";
		};
		73A612BD1FA561CD000F2A10 /* DrawGame */ = {
			isa = PBXGroup;
			children = (
				73A612BE1FA561CD000F2A10 /* AppDelegate.swift */,
				73A7F0891FA6385D00BD24BB /* Theme.swift */,
				732509021FA5B4780013BDB6 /* App */,
				73D5661B1FC3E8E90022F93C /* Utilities */,
				739E3F141FC3C20E003D40B0 /* Extensions */,
				732509011FA5B4710013BDB6 /* Views */,
				732509001FA5B4640013BDB6 /* Model */,
				73D566061FC3CD0E0022F93C /* Networking */,
				732508FF1FA5B3D80013BDB6 /* Other Resources */,
			);
			path = DrawGame;
			sourceTree = "<group>";
		};
		73A7F08F1FA66C5500BD24BB /* Palette */ = {
			isa = PBXGroup;
			children = (
				73A7F08B1FA63F5900BD24BB /* PaletteView.swift */,
				73A7F08D1FA64AA100BD24BB /* ColorCollectionViewCell.swift */,
			);
			path = Palette;
			sourceTree = "<group>";
		};
		73A7F0901FA66C6F00BD24BB /* Brush */ = {
			isa = PBXGroup;
			children = (
				73A7F0911FA66CE100BD24BB /* BrushesView.swift */,
				73A7F0931FA6703B00BD24BB /* BrushCollectionViewCell.swift */,
			);
			path = Brush;
			sourceTree = "<group>";
		};
		73D566061FC3CD0E0022F93C /* Networking */ = {
			isa = PBXGroup;
			children = (
				73D5660D1FC3CF940022F93C /* Api.swift */,
				73D566071FC3CD270022F93C /* ApiRequest.swift */,
				73D5660B1FC3CEAB0022F93C /* ApiEndpoint.swift */,
			);
			path = Networking;
			sourceTree = "<group>";
		};
		73D5661B1FC3E8E90022F93C /* Utilities */ = {
			isa = PBXGroup;
			children = (
				73D5661C1FC3E8FC0022F93C /* AttributedStringMaker.swift */,
			);
			path = Utilities;
			sourceTree = "<group>";
		};
		9945FC28A28BC3124C1EE008 /* Pods */ = {
			isa = PBXGroup;
			children = (
				A12D945A50EA8BAE0EA1CF9D /* Pods-DrawGame.debug.xcconfig */,
				A781E34166FF3EE09E9F9D15 /* Pods-DrawGame.release.xcconfig */,
			);
			name = Pods;
			sourceTree = "<group>";
		};
/* End PBXGroup section */

/* Begin PBXNativeTarget section */
		73A612BA1FA561CD000F2A10 /* DrawGame */ = {
			isa = PBXNativeTarget;
			buildConfigurationList = 73A612D01FA561CD000F2A10 /* Build configuration list for PBXNativeTarget "DrawGame" */;
			buildPhases = (
				63FDC3B387DBAC9E185F5CBA /* [CP] Check Pods Manifest.lock */,
				73A612B71FA561CD000F2A10 /* Sources */,
				73A612B81FA561CD000F2A10 /* Frameworks */,
				73A612B91FA561CD000F2A10 /* Resources */,
				71098079554BA7D1C992B9C4 /* [CP] Embed Pods Frameworks */,
				260F24844D23D410950DEC9A /* [CP] Copy Pods Resources */,
			);
			buildRules = (
			);
			dependencies = (
			);
			name = DrawGame;
			productName = DrawGame;
			productReference = 73A612BB1FA561CD000F2A10 /* DrawGame.app */;
			productType = "com.apple.product-type.application";
		};
/* End PBXNativeTarget section */

/* Begin PBXProject section */
		73A612B31FA561CD000F2A10 /* Project object */ = {
			isa = PBXProject;
			attributes = {
				LastSwiftUpdateCheck = 0900;
				LastUpgradeCheck = 0900;
				ORGANIZATIONNAME = "Carlos Villanueva Ousset";
				TargetAttributes = {
					73A612BA1FA561CD000F2A10 = {
						CreatedOnToolsVersion = 9.0.1;
						ProvisioningStyle = Automatic;
					};
				};
			};
			buildConfigurationList = 73A612B61FA561CD000F2A10 /* Build configuration list for PBXProject "DrawGame" */;
			compatibilityVersion = "Xcode 8.0";
			developmentRegion = en;
			hasScannedForEncodings = 0;
			knownRegions = (
				en,
				Base,
			);
			mainGroup = 73A612B21FA561CD000F2A10;
			productRefGroup = 73A612BC1FA561CD000F2A10 /* Products */;
			projectDirPath = "";
			projectRoot = "";
			targets = (
				73A612BA1FA561CD000F2A10 /* DrawGame */,
			);
		};
/* End PBXProject section */

/* Begin PBXResourcesBuildPhase section */
		73A612B91FA561CD000F2A10 /* Resources */ = {
			isa = PBXResourcesBuildPhase;
			buildActionMask = 2147483647;
			files = (
				73A612CC1FA561CD000F2A10 /* LaunchScreen.storyboard in Resources */,
				73A612C91FA561CD000F2A10 /* Assets.xcassets in Resources */,
			);
			runOnlyForDeploymentPostprocessing = 0;
		};
/* End PBXResourcesBuildPhase section */

/* Begin PBXShellScriptBuildPhase section */
		260F24844D23D410950DEC9A /* [CP] Copy Pods Resources */ = {
			isa = PBXShellScriptBuildPhase;
			buildActionMask = 2147483647;
			files = (
			);
			inputPaths = (
			);
			name = "[CP] Copy Pods Resources";
			outputPaths = (
			);
			runOnlyForDeploymentPostprocessing = 0;
			shellPath = /bin/sh;
			shellScript = "\"${SRCROOT}/Pods/Target Support Files/Pods-DrawGame/Pods-DrawGame-resources.sh\"\n";
			showEnvVarsInLog = 0;
		};
		63FDC3B387DBAC9E185F5CBA /* [CP] Check Pods Manifest.lock */ = {
			isa = PBXShellScriptBuildPhase;
			buildActionMask = 2147483647;
			files = (
			);
			inputPaths = (
				"${PODS_PODFILE_DIR_PATH}/Podfile.lock",
				"${PODS_ROOT}/Manifest.lock",
			);
			name = "[CP] Check Pods Manifest.lock";
			outputPaths = (
				"$(DERIVED_FILE_DIR)/Pods-DrawGame-checkManifestLockResult.txt",
			);
			runOnlyForDeploymentPostprocessing = 0;
			shellPath = /bin/sh;
			shellScript = "diff \"${PODS_PODFILE_DIR_PATH}/Podfile.lock\" \"${PODS_ROOT}/Manifest.lock\" > /dev/null\nif [ $? != 0 ] ; then\n    # print error to STDERR\n    echo \"error: The sandbox is not in sync with the Podfile.lock. Run 'pod install' or update your CocoaPods installation.\" >&2\n    exit 1\nfi\n# This output is used by Xcode 'outputs' to avoid re-running this script phase.\necho \"SUCCESS\" > \"${SCRIPT_OUTPUT_FILE_0}\"\n";
			showEnvVarsInLog = 0;
		};
		71098079554BA7D1C992B9C4 /* [CP] Embed Pods Frameworks */ = {
			isa = PBXShellScriptBuildPhase;
			buildActionMask = 2147483647;
			files = (
			);
			inputPaths = (
				"${SRCROOT}/Pods/Target Support Files/Pods-DrawGame/Pods-DrawGame-frameworks.sh",
				"${BUILT_PRODUCTS_DIR}/Alamofire/Alamofire.framework",
				"${BUILT_PRODUCTS_DIR}/SnapKit/SnapKit.framework",
			);
			name = "[CP] Embed Pods Frameworks";
			outputPaths = (
				"${TARGET_BUILD_DIR}/${FRAMEWORKS_FOLDER_PATH}/Alamofire.framework",
				"${TARGET_BUILD_DIR}/${FRAMEWORKS_FOLDER_PATH}/SnapKit.framework",
			);
			runOnlyForDeploymentPostprocessing = 0;
			shellPath = /bin/sh;
			shellScript = "\"${SRCROOT}/Pods/Target Support Files/Pods-DrawGame/Pods-DrawGame-frameworks.sh\"\n";
			showEnvVarsInLog = 0;
		};
/* End PBXShellScriptBuildPhase section */

/* Begin PBXSourcesBuildPhase section */
		73A612B71FA561CD000F2A10 /* Sources */ = {
			isa = PBXSourcesBuildPhase;
			buildActionMask = 2147483647;
			files = (
				73A7F0921FA66CE100BD24BB /* BrushesView.swift in Sources */,
				73D566101FC3CFE40022F93C /* Game.swift in Sources */,
				739E3F161FC3C576003D40B0 /* Extension+UIImage.swift in Sources */,
				73A612C11FA561CD000F2A10 /* GameViewController.swift in Sources */,
				73D566161FC3D19A0022F93C /* Pixel.swift in Sources */,
				73A7F0881FA637F800BD24BB /* LaunchViewController.swift in Sources */,
				73D5660E1FC3CF940022F93C /* Api.swift in Sources */,
				73A612BF1FA561CD000F2A10 /* AppDelegate.swift in Sources */,
				73D5661A1FC3D3EF0022F93C /* Player.swift in Sources */,
				73A7F08A1FA6385D00BD24BB /* Theme.swift in Sources */,
				73D5660C1FC3CEAB0022F93C /* ApiEndpoint.swift in Sources */,
				73D5661D1FC3E8FC0022F93C /* AttributedStringMaker.swift in Sources */,
				73D5661F1FC416520022F93C /* WordManager.swift in Sources */,
				73D566031FC3CAEB0022F93C /* DataModel.swift in Sources */,
				73D566081FC3CD270022F93C /* ApiRequest.swift in Sources */,
				73A7F0941FA6703B00BD24BB /* BrushCollectionViewCell.swift in Sources */,
				73A7F0861FA636B100BD24BB /* RootViewController.swift in Sources */,
				73D565FF1FC3CA8E0022F93C /* Drawing.swift in Sources */,
				73A7F08C1FA63F5900BD24BB /* PaletteView.swift in Sources */,
				73A7F08E1FA64AA100BD24BB /* ColorCollectionViewCell.swift in Sources */,
				732509041FA5B4BF0013BDB6 /* DrawView.swift in Sources */,
			);
			runOnlyForDeploymentPostprocessing = 0;
		};
/* End PBXSourcesBuildPhase section */

/* Begin PBXVariantGroup section */
		73A612CA1FA561CD000F2A10 /* LaunchScreen.storyboard */ = {
			isa = PBXVariantGroup;
			children = (
				73A612CB1FA561CD000F2A10 /* Base */,
			);
			name = LaunchScreen.storyboard;
			sourceTree = "<group>";
		};
/* End PBXVariantGroup section */

/* Begin XCBuildConfiguration section */
		73A612CE1FA561CD000F2A10 /* Debug */ = {
			isa = XCBuildConfiguration;
			buildSettings = {
				ALWAYS_SEARCH_USER_PATHS = NO;
				CLANG_ANALYZER_NONNULL = YES;
				CLANG_ANALYZER_NUMBER_OBJECT_CONVERSION = YES_AGGRESSIVE;
				CLANG_CXX_LANGUAGE_STANDARD = "gnu++14";
				CLANG_CXX_LIBRARY = "libc++";
				CLANG_ENABLE_MODULES = YES;
				CLANG_ENABLE_OBJC_ARC = YES;
				CLANG_WARN_BLOCK_CAPTURE_AUTORELEASING = YES;
				CLANG_WARN_BOOL_CONVERSION = YES;
				CLANG_WARN_COMMA = YES;
				CLANG_WARN_CONSTANT_CONVERSION = YES;
				CLANG_WARN_DIRECT_OBJC_ISA_USAGE = YES_ERROR;
				CLANG_WARN_DOCUMENTATION_COMMENTS = YES;
				CLANG_WARN_EMPTY_BODY = YES;
				CLANG_WARN_ENUM_CONVERSION = YES;
				CLANG_WARN_INFINITE_RECURSION = YES;
				CLANG_WARN_INT_CONVERSION = YES;
				CLANG_WARN_NON_LITERAL_NULL_CONVERSION = YES;
				CLANG_WARN_OBJC_LITERAL_CONVERSION = YES;
				CLANG_WARN_OBJC_ROOT_CLASS = YES_ERROR;
				CLANG_WARN_RANGE_LOOP_ANALYSIS = YES;
				CLANG_WARN_STRICT_PROTOTYPES = YES;
				CLANG_WARN_SUSPICIOUS_MOVE = YES;
				CLANG_WARN_UNGUARDED_AVAILABILITY = YES_AGGRESSIVE;
				CLANG_WARN_UNREACHABLE_CODE = YES;
				CLANG_WARN__DUPLICATE_METHOD_MATCH = YES;
				CODE_SIGN_IDENTITY = "iPhone Developer";
				COPY_PHASE_STRIP = NO;
				DEBUG_INFORMATION_FORMAT = dwarf;
				ENABLE_STRICT_OBJC_MSGSEND = YES;
				ENABLE_TESTABILITY = YES;
				GCC_C_LANGUAGE_STANDARD = gnu11;
				GCC_DYNAMIC_NO_PIC = NO;
				GCC_NO_COMMON_BLOCKS = YES;
				GCC_OPTIMIZATION_LEVEL = 0;
				GCC_PREPROCESSOR_DEFINITIONS = (
					"DEBUG=1",
					"$(inherited)",
				);
				GCC_WARN_64_TO_32_BIT_CONVERSION = YES;
				GCC_WARN_ABOUT_RETURN_TYPE = YES_ERROR;
				GCC_WARN_UNDECLARED_SELECTOR = YES;
				GCC_WARN_UNINITIALIZED_AUTOS = YES_AGGRESSIVE;
				GCC_WARN_UNUSED_FUNCTION = YES;
				GCC_WARN_UNUSED_VARIABLE = YES;
				IPHONEOS_DEPLOYMENT_TARGET = 11.0;
				MTL_ENABLE_DEBUG_INFO = YES;
				ONLY_ACTIVE_ARCH = YES;
				SDKROOT = iphoneos;
				SWIFT_ACTIVE_COMPILATION_CONDITIONS = DEBUG;
				SWIFT_OPTIMIZATION_LEVEL = "-Onone";
			};
			name = Debug;
		};
		73A612CF1FA561CD000F2A10 /* Release */ = {
			isa = XCBuildConfiguration;
			buildSettings = {
				ALWAYS_SEARCH_USER_PATHS = NO;
				CLANG_ANALYZER_NONNULL = YES;
				CLANG_ANALYZER_NUMBER_OBJECT_CONVERSION = YES_AGGRESSIVE;
				CLANG_CXX_LANGUAGE_STANDARD = "gnu++14";
				CLANG_CXX_LIBRARY = "libc++";
				CLANG_ENABLE_MODULES = YES;
				CLANG_ENABLE_OBJC_ARC = YES;
				CLANG_WARN_BLOCK_CAPTURE_AUTORELEASING = YES;
				CLANG_WARN_BOOL_CONVERSION = YES;
				CLANG_WARN_COMMA = YES;
				CLANG_WARN_CONSTANT_CONVERSION = YES;
				CLANG_WARN_DIRECT_OBJC_ISA_USAGE = YES_ERROR;
				CLANG_WARN_DOCUMENTATION_COMMENTS = YES;
				CLANG_WARN_EMPTY_BODY = YES;
				CLANG_WARN_ENUM_CONVERSION = YES;
				CLANG_WARN_INFINITE_RECURSION = YES;
				CLANG_WARN_INT_CONVERSION = YES;
				CLANG_WARN_NON_LITERAL_NULL_CONVERSION = YES;
				CLANG_WARN_OBJC_LITERAL_CONVERSION = YES;
				CLANG_WARN_OBJC_ROOT_CLASS = YES_ERROR;
				CLANG_WARN_RANGE_LOOP_ANALYSIS = YES;
				CLANG_WARN_STRICT_PROTOTYPES = YES;
				CLANG_WARN_SUSPICIOUS_MOVE = YES;
				CLANG_WARN_UNGUARDED_AVAILABILITY = YES_AGGRESSIVE;
				CLANG_WARN_UNREACHABLE_CODE = YES;
				CLANG_WARN__DUPLICATE_METHOD_MATCH = YES;
				CODE_SIGN_IDENTITY = "iPhone Developer";
				COPY_PHASE_STRIP = NO;
				DEBUG_INFORMATION_FORMAT = "dwarf-with-dsym";
				ENABLE_NS_ASSERTIONS = NO;
				ENABLE_STRICT_OBJC_MSGSEND = YES;
				GCC_C_LANGUAGE_STANDARD = gnu11;
				GCC_NO_COMMON_BLOCKS = YES;
				GCC_WARN_64_TO_32_BIT_CONVERSION = YES;
				GCC_WARN_ABOUT_RETURN_TYPE = YES_ERROR;
				GCC_WARN_UNDECLARED_SELECTOR = YES;
				GCC_WARN_UNINITIALIZED_AUTOS = YES_AGGRESSIVE;
				GCC_WARN_UNUSED_FUNCTION = YES;
				GCC_WARN_UNUSED_VARIABLE = YES;
				IPHONEOS_DEPLOYMENT_TARGET = 11.0;
				MTL_ENABLE_DEBUG_INFO = NO;
				SDKROOT = iphoneos;
				SWIFT_OPTIMIZATION_LEVEL = "-Owholemodule";
				VALIDATE_PRODUCT = YES;
			};
			name = Release;
		};
		73A612D11FA561CD000F2A10 /* Debug */ = {
			isa = XCBuildConfiguration;
			baseConfigurationReference = A12D945A50EA8BAE0EA1CF9D /* Pods-DrawGame.debug.xcconfig */;
			buildSettings = {
				ASSETCATALOG_COMPILER_APPICON_NAME = AppIcon;
				CODE_SIGN_STYLE = Automatic;
				DEVELOPMENT_TEAM = 9F26XL4W94;
				INFOPLIST_FILE = "$(SRCROOT)/DrawGame/Other Resources/Info.plist";
				IPHONEOS_DEPLOYMENT_TARGET = 9.3;
				LD_RUNPATH_SEARCH_PATHS = "$(inherited) @executable_path/Frameworks";
				PRODUCT_BUNDLE_IDENTIFIER = com.villou.DrawGame;
				PRODUCT_NAME = "$(TARGET_NAME)";
				SWIFT_VERSION = 4.0;
				TARGETED_DEVICE_FAMILY = "1,2";
			};
			name = Debug;
		};
		73A612D21FA561CD000F2A10 /* Release */ = {
			isa = XCBuildConfiguration;
			baseConfigurationReference = A781E34166FF3EE09E9F9D15 /* Pods-DrawGame.release.xcconfig */;
			buildSettings = {
				ASSETCATALOG_COMPILER_APPICON_NAME = AppIcon;
				CODE_SIGN_STYLE = Automatic;
				DEVELOPMENT_TEAM = 9F26XL4W94;
				INFOPLIST_FILE = "$(SRCROOT)/DrawGame/Other Resources/Info.plist";
				IPHONEOS_DEPLOYMENT_TARGET = 9.3;
				LD_RUNPATH_SEARCH_PATHS = "$(inherited) @executable_path/Frameworks";
				PRODUCT_BUNDLE_IDENTIFIER = com.villou.DrawGame;
				PRODUCT_NAME = "$(TARGET_NAME)";
				SWIFT_VERSION = 4.0;
				TARGETED_DEVICE_FAMILY = "1,2";
			};
			name = Release;
		};
/* End XCBuildConfiguration section */

/* Begin XCConfigurationList section */
		73A612B61FA561CD000F2A10 /* Build configuration list for PBXProject "DrawGame" */ = {
			isa = XCConfigurationList;
			buildConfigurations = (
				73A612CE1FA561CD000F2A10 /* Debug */,
				73A612CF1FA561CD000F2A10 /* Release */,
			);
			defaultConfigurationIsVisible = 0;
			defaultConfigurationName = Release;
		};
		73A612D01FA561CD000F2A10 /* Build configuration list for PBXNativeTarget "DrawGame" */ = {
			isa = XCConfigurationList;
			buildConfigurations = (
				73A612D11FA561CD000F2A10 /* Debug */,
				73A612D21FA561CD000F2A10 /* Release */,
			);
			defaultConfigurationIsVisible = 0;
			defaultConfigurationName = Release;
		};
/* End XCConfigurationList section */
	};
	rootObject = 73A612B31FA561CD000F2A10 /* Project object */;
}
